
Microsoft Visual Studio Solution File, Format Version 12.00
# Visual Studio 2013
VisualStudioVersion = 12.0.30501.0
MinimumVisualStudioVersion = 10.0.40219.1
Project("{FAE04EC0-301F-11D3-BF4B-00C04F79EFBC}") = "Idea.ERMT", "Idea.ERMT\Idea.ERMT.csproj", "{D08AF186-C90C-41A7-9C29-DA85ADA15D38}"
	ProjectSection(ProjectDependencies) = postProject
		{F9F1BBAF-192A-448D-BF89-C0C0C2D42103} = {F9F1BBAF-192A-448D-BF89-C0C0C2D42103}
	EndProjectSection
EndProject
Project("{FAE04EC0-301F-11D3-BF4B-00C04F79EFBC}") = "Idea.Facade", "Idea.Facade\Idea.Facade.csproj", "{134D20B6-0A89-4A83-94FD-F27B85F6EF9B}"
	ProjectSection(ProjectDependencies) = postProject
		{F9F1BBAF-192A-448D-BF89-C0C0C2D42103} = {F9F1BBAF-192A-448D-BF89-C0C0C2D42103}
	EndProjectSection
EndProject
Project("{FAE04EC0-301F-11D3-BF4B-00C04F79EFBC}") = "Idea.Server", "Idea.Server\Idea.Server.csproj", "{F9F1BBAF-192A-448D-BF89-C0C0C2D42103}"
EndProject
Project("{FAE04EC0-301F-11D3-BF4B-00C04F79EFBC}") = "Idea.Business", "Idea.Business\Idea.Business.csproj", "{78BF970C-3D89-45EA-8F9B-6D5A46548234}"
EndProject
Project("{FAE04EC0-301F-11D3-BF4B-00C04F79EFBC}") = "Idea.Utils", "Idea.Utils\Idea.Utils.csproj", "{A1A394E7-726C-4F1D-9D76-73DB5788A81C}"
EndProject
Project("{FAE04EC0-301F-11D3-BF4B-00C04F79EFBC}") = "Idea.Entities", "Idea.Entities\Idea.Entities.csproj", "{E53247A3-07DE-47DC-8858-A59631B64296}"
EndProject
Project("{FAE04EC0-301F-11D3-BF4B-00C04F79EFBC}") = "Idea.DAL", "Idea.DAO\Idea.DAL.csproj", "{4BDA3EE1-D160-4287-9669-7FBB912C15B4}"
EndProject
Project("{FAE04EC0-301F-11D3-BF4B-00C04F79EFBC}") = "Idea.ERMT.Service", "Idea.ERMT.Service\Idea.ERMT.Service.csproj", "{D6B8FFD9-BEA7-4089-B801-D8A3B644C477}"
EndProject
Project("{54435603-DBB4-11D2-8724-00A0C9A8B90C}") = "Idea.ERMT.Setup", "Idea.ERMT.Setup\Idea.ERMT.Setup.vdproj", "{2401FD80-FC9A-4059-BA45-7B682F2822BC}"
EndProject
Project("{FAE04EC0-301F-11D3-BF4B-00C04F79EFBC}") = "Idea.ERMT.Server.Setup.CopyFiles", "Idea.ERMT.Server.Setup.CopyFiles\Idea.ERMT.Server.Setup.CopyFiles.csproj", "{399D6D8B-C7A4-46AC-9BC7-1EA4BF54138F}"
EndProject
Project("{FAE04EC0-301F-11D3-BF4B-00C04F79EFBC}") = "Idea.ERMT.Server.Setup.DatabaseRestore", "Idea.ERMT.Server.Setup.DatabaseRestore\Idea.ERMT.Server.Setup.DatabaseRestore.csproj", "{4134BB75-7797-41A7-BDBD-8BA8BD29D0CC}"
EndProject
Project("{FAE04EC0-301F-11D3-BF4B-00C04F79EFBC}") = "Idea.ERMT.Server.Setup.DeleteFiles", "Idea.ERMT.Server.Setup.DeleteFiles\Idea.ERMT.Server.Setup.DeleteFiles.csproj", "{E42BFFE8-2A9E-49E9-831A-DF92B0F555AF}"
EndProject
Project("{FAE04EC0-301F-11D3-BF4B-00C04F79EFBC}") = "Idea.ERMT.Server.Setup.ServiceStartAndStop", "Idea.ERMT.Server.Setup.ServiceStart\Idea.ERMT.Server.Setup.ServiceStartAndStop.csproj", "{27EE5192-D5A7-41D5-803F-69F7A11D984C}"
EndProject
Project("{FAE04EC0-301F-11D3-BF4B-00C04F79EFBC}") = "Idea.ERMT.Server.Setup.SqlExpressCheck", "Idea.ERMT.Server.Setup.SqlExpressCheck\Idea.ERMT.Server.Setup.SqlExpressCheck.csproj", "{D2942058-2D87-43C0-8D03-D9FF0A5655C2}"
EndProject
Project("{FAE04EC0-301F-11D3-BF4B-00C04F79EFBC}") = "Idea.HTMLEditorControl", "Idea.HtmlEditorControl\Idea.HTMLEditorControl.csproj", "{5873DE0F-6853-4C8E-91A4-7A6861069A9A}"
EndProject
Project("{54435603-DBB4-11D2-8724-00A0C9A8B90C}") = "Idea.ERMT.Server.Setup", "Idea.ERMT.Server.Setup\Idea.ERMT.Server.Setup.vdproj", "{9E45B34F-2278-4E7B-846B-BEF4D627E61E}"
EndProject
Project("{FAE04EC0-301F-11D3-BF4B-00C04F79EFBC}") = "Idea.ERMT.Setup.UI", "Idea.ERMT.Setup.UI\Idea.ERMT.Setup.UI.csproj", "{3E716B8A-5384-4549-B705-ABBE5736A62F}"
EndProject
Project("{54435603-DBB4-11D2-8724-00A0C9A8B90C}") = "Idea.ERMT.Setup.French", "Idea.ERMT.Setup.French\Idea.ERMT.Setup.French.vdproj", "{92D36174-A863-4A96-AF90-3AA88223E720}"
EndProject
Project("{54435603-DBB4-11D2-8724-00A0C9A8B90C}") = "Idea.ERMT.Server.Setup.French", "Idea.ERMT.Server.Setup.French\Idea.ERMT.Server.Setup.French.vdproj", "{EB4238AE-9B21-4ADA-8435-19CE553211A0}"
EndProject
Project("{54435603-DBB4-11D2-8724-00A0C9A8B90C}") = "Idea.ERMT.Server.Arabic.Setup", "Idea.ERMT.Server.Setup.Arabic\Idea.ERMT.Server.Setup.Arabic.vdproj", "{69014A56-B9D6-4149-9171-13FC2D4A3A5E}"
EndProject
Project("{54435603-DBB4-11D2-8724-00A0C9A8B90C}") = "Idea.ERMT.Setup.Arabic", "Idea.ERMT.Setup.Arabic\Idea.ERMT.Setup.Arabic.vdproj", "{5784CFFD-1072-40F8-9E7E-1395C3FFBEC5}"
EndProject
Global
	GlobalSection(SolutionConfigurationPlatforms) = preSolution
		AR - Release|Any CPU = AR - Release|Any CPU
		AR - Release|x64 = AR - Release|x64
		AR - Release|x86 = AR - Release|x86
		Debug|Any CPU = Debug|Any CPU
		Debug|x64 = Debug|x64
		Debug|x86 = Debug|x86
		EN - Release|Any CPU = EN - Release|Any CPU
		EN - Release|x64 = EN - Release|x64
		EN - Release|x86 = EN - Release|x86
		FR - Release|Any CPU = FR - Release|Any CPU
		FR - Release|x64 = FR - Release|x64
		FR - Release|x86 = FR - Release|x86
	EndGlobalSection
	GlobalSection(ProjectConfigurationPlatforms) = postSolution
		{D08AF186-C90C-41A7-9C29-DA85ADA15D38}.AR - Release|Any CPU.ActiveCfg = Release|Any CPU
		{D08AF186-C90C-41A7-9C29-DA85ADA15D38}.AR - Release|Any CPU.Build.0 = Release|Any CPU
		{D08AF186-C90C-41A7-9C29-DA85ADA15D38}.AR - Release|x64.ActiveCfg = Release - AR|x64
		{D08AF186-C90C-41A7-9C29-DA85ADA15D38}.AR - Release|x64.Build.0 = Release - AR|x64
		{D08AF186-C90C-41A7-9C29-DA85ADA15D38}.AR - Release|x86.ActiveCfg = Release - AR|x86
		{D08AF186-C90C-41A7-9C29-DA85ADA15D38}.AR - Release|x86.Build.0 = Release - AR|x86
		{D08AF186-C90C-41A7-9C29-DA85ADA15D38}.Debug|Any CPU.ActiveCfg = Debug|Any CPU
		{D08AF186-C90C-41A7-9C29-DA85ADA15D38}.Debug|Any CPU.Build.0 = Debug|Any CPU
		{D08AF186-C90C-41A7-9C29-DA85ADA15D38}.Debug|x64.ActiveCfg = Debug|x64
		{D08AF186-C90C-41A7-9C29-DA85ADA15D38}.Debug|x64.Build.0 = Debug|x64
		{D08AF186-C90C-41A7-9C29-DA85ADA15D38}.Debug|x86.ActiveCfg = Debug|x86
		{D08AF186-C90C-41A7-9C29-DA85ADA15D38}.Debug|x86.Build.0 = Debug|x86
		{D08AF186-C90C-41A7-9C29-DA85ADA15D38}.EN - Release|Any CPU.ActiveCfg = Release|Any CPU
		{D08AF186-C90C-41A7-9C29-DA85ADA15D38}.EN - Release|Any CPU.Build.0 = Release|Any CPU
		{D08AF186-C90C-41A7-9C29-DA85ADA15D38}.EN - Release|x64.ActiveCfg = Release|x64
		{D08AF186-C90C-41A7-9C29-DA85ADA15D38}.EN - Release|x64.Build.0 = Release|x64
		{D08AF186-C90C-41A7-9C29-DA85ADA15D38}.EN - Release|x86.ActiveCfg = Release|Any CPU
		{D08AF186-C90C-41A7-9C29-DA85ADA15D38}.EN - Release|x86.Build.0 = Release|Any CPU
		{D08AF186-C90C-41A7-9C29-DA85ADA15D38}.FR - Release|Any CPU.ActiveCfg = Release|Any CPU
		{D08AF186-C90C-41A7-9C29-DA85ADA15D38}.FR - Release|Any CPU.Build.0 = Release|Any CPU
		{D08AF186-C90C-41A7-9C29-DA85ADA15D38}.FR - Release|x64.ActiveCfg = Release|x64
		{D08AF186-C90C-41A7-9C29-DA85ADA15D38}.FR - Release|x64.Build.0 = Release|x64
		{D08AF186-C90C-41A7-9C29-DA85ADA15D38}.FR - Release|x86.ActiveCfg = Release|Any CPU
		{D08AF186-C90C-41A7-9C29-DA85ADA15D38}.FR - Release|x86.Build.0 = Release|Any CPU
		{134D20B6-0A89-4A83-94FD-F27B85F6EF9B}.AR - Release|Any CPU.ActiveCfg = Release|Any CPU
		{134D20B6-0A89-4A83-94FD-F27B85F6EF9B}.AR - Release|Any CPU.Build.0 = Release|Any CPU
		{134D20B6-0A89-4A83-94FD-F27B85F6EF9B}.AR - Release|x64.ActiveCfg = Release - AR|x64
		{134D20B6-0A89-4A83-94FD-F27B85F6EF9B}.AR - Release|x64.Build.0 = Release - AR|x64
		{134D20B6-0A89-4A83-94FD-F27B85F6EF9B}.AR - Release|x86.ActiveCfg = Release - AR|x86
		{134D20B6-0A89-4A83-94FD-F27B85F6EF9B}.AR - Release|x86.Build.0 = Release - AR|x86
		{134D20B6-0A89-4A83-94FD-F27B85F6EF9B}.Debug|Any CPU.ActiveCfg = Debug|Any CPU
		{134D20B6-0A89-4A83-94FD-F27B85F6EF9B}.Debug|Any CPU.Build.0 = Debug|Any CPU
		{134D20B6-0A89-4A83-94FD-F27B85F6EF9B}.Debug|x64.ActiveCfg = Debug|x64
		{134D20B6-0A89-4A83-94FD-F27B85F6EF9B}.Debug|x64.Build.0 = Debug|x64
		{134D20B6-0A89-4A83-94FD-F27B85F6EF9B}.Debug|x86.ActiveCfg = Debug|x86
		{134D20B6-0A89-4A83-94FD-F27B85F6EF9B}.Debug|x86.Build.0 = Debug|x86
		{134D20B6-0A89-4A83-94FD-F27B85F6EF9B}.EN - Release|Any CPU.ActiveCfg = Release|Any CPU
		{134D20B6-0A89-4A83-94FD-F27B85F6EF9B}.EN - Release|Any CPU.Build.0 = Release|Any CPU
		{134D20B6-0A89-4A83-94FD-F27B85F6EF9B}.EN - Release|x64.ActiveCfg = Release|x64
		{134D20B6-0A89-4A83-94FD-F27B85F6EF9B}.EN - Release|x64.Build.0 = Release|x64
		{134D20B6-0A89-4A83-94FD-F27B85F6EF9B}.EN - Release|x64.Deploy.0 = Release|x64
		{134D20B6-0A89-4A83-94FD-F27B85F6EF9B}.EN - Release|x86.ActiveCfg = Release|x86
		{134D20B6-0A89-4A83-94FD-F27B85F6EF9B}.EN - Release|x86.Build.0 = Release|x86
		{134D20B6-0A89-4A83-94FD-F27B85F6EF9B}.FR - Release|Any CPU.ActiveCfg = Release|Any CPU
		{134D20B6-0A89-4A83-94FD-F27B85F6EF9B}.FR - Release|Any CPU.Build.0 = Release|Any CPU
		{134D20B6-0A89-4A83-94FD-F27B85F6EF9B}.FR - Release|x64.ActiveCfg = Release|x64
		{134D20B6-0A89-4A83-94FD-F27B85F6EF9B}.FR - Release|x64.Build.0 = Release|x64
		{134D20B6-0A89-4A83-94FD-F27B85F6EF9B}.FR - Release|x64.Deploy.0 = Release|x64
		{134D20B6-0A89-4A83-94FD-F27B85F6EF9B}.FR - Release|x86.ActiveCfg = Release|x86
		{134D20B6-0A89-4A83-94FD-F27B85F6EF9B}.FR - Release|x86.Build.0 = Release|x86
		{F9F1BBAF-192A-448D-BF89-C0C0C2D42103}.AR - Release|Any CPU.ActiveCfg = Release|Any CPU
		{F9F1BBAF-192A-448D-BF89-C0C0C2D42103}.AR - Release|Any CPU.Build.0 = Release|Any CPU
		{F9F1BBAF-192A-448D-BF89-C0C0C2D42103}.AR - Release|x64.ActiveCfg = Release - AR|x64
		{F9F1BBAF-192A-448D-BF89-C0C0C2D42103}.AR - Release|x64.Build.0 = Release - AR|x64
		{F9F1BBAF-192A-448D-BF89-C0C0C2D42103}.AR - Release|x86.ActiveCfg = Release - AR|x86
		{F9F1BBAF-192A-448D-BF89-C0C0C2D42103}.AR - Release|x86.Build.0 = Release - AR|x86
		{F9F1BBAF-192A-448D-BF89-C0C0C2D42103}.Debug|Any CPU.ActiveCfg = Debug|Any CPU
		{F9F1BBAF-192A-448D-BF89-C0C0C2D42103}.Debug|Any CPU.Build.0 = Debug|Any CPU
		{F9F1BBAF-192A-448D-BF89-C0C0C2D42103}.Debug|x64.ActiveCfg = Debug|x64
		{F9F1BBAF-192A-448D-BF89-C0C0C2D42103}.Debug|x64.Build.0 = Debug|x64
		{F9F1BBAF-192A-448D-BF89-C0C0C2D42103}.Debug|x86.ActiveCfg = Debug|x86
		{F9F1BBAF-192A-448D-BF89-C0C0C2D42103}.Debug|x86.Build.0 = Debug|x86
		{F9F1BBAF-192A-448D-BF89-C0C0C2D42103}.EN - Release|Any CPU.ActiveCfg = Release|Any CPU
		{F9F1BBAF-192A-448D-BF89-C0C0C2D42103}.EN - Release|Any CPU.Build.0 = Release|Any CPU
		{F9F1BBAF-192A-448D-BF89-C0C0C2D42103}.EN - Release|x64.ActiveCfg = Release|x64
		{F9F1BBAF-192A-448D-BF89-C0C0C2D42103}.EN - Release|x64.Build.0 = Release|x64
		{F9F1BBAF-192A-448D-BF89-C0C0C2D42103}.EN - Release|x64.Deploy.0 = Release|x64
		{F9F1BBAF-192A-448D-BF89-C0C0C2D42103}.EN - Release|x86.ActiveCfg = Release|x86
		{F9F1BBAF-192A-448D-BF89-C0C0C2D42103}.EN - Release|x86.Build.0 = Release|x86
		{F9F1BBAF-192A-448D-BF89-C0C0C2D42103}.FR - Release|Any CPU.ActiveCfg = Release|Any CPU
		{F9F1BBAF-192A-448D-BF89-C0C0C2D42103}.FR - Release|Any CPU.Build.0 = Release|Any CPU
		{F9F1BBAF-192A-448D-BF89-C0C0C2D42103}.FR - Release|x64.ActiveCfg = Release|x64
		{F9F1BBAF-192A-448D-BF89-C0C0C2D42103}.FR - Release|x64.Build.0 = Release|x64
		{F9F1BBAF-192A-448D-BF89-C0C0C2D42103}.FR - Release|x64.Deploy.0 = Release|x64
		{F9F1BBAF-192A-448D-BF89-C0C0C2D42103}.FR - Release|x86.ActiveCfg = Release|x86
		{F9F1BBAF-192A-448D-BF89-C0C0C2D42103}.FR - Release|x86.Build.0 = Release|x86
		{78BF970C-3D89-45EA-8F9B-6D5A46548234}.AR - Release|Any CPU.ActiveCfg = Release|Any CPU
		{78BF970C-3D89-45EA-8F9B-6D5A46548234}.AR - Release|Any CPU.Build.0 = Release|Any CPU
		{78BF970C-3D89-45EA-8F9B-6D5A46548234}.AR - Release|x64.ActiveCfg = Release - AR|x64
		{78BF970C-3D89-45EA-8F9B-6D5A46548234}.AR - Release|x64.Build.0 = Release - AR|x64
		{78BF970C-3D89-45EA-8F9B-6D5A46548234}.AR - Release|x86.ActiveCfg = Release - AR|x86
		{78BF970C-3D89-45EA-8F9B-6D5A46548234}.AR - Release|x86.Build.0 = Release - AR|x86
		{78BF970C-3D89-45EA-8F9B-6D5A46548234}.Debug|Any CPU.ActiveCfg = Debug|Any CPU
		{78BF970C-3D89-45EA-8F9B-6D5A46548234}.Debug|Any CPU.Build.0 = Debug|Any CPU
		{78BF970C-3D89-45EA-8F9B-6D5A46548234}.Debug|x64.ActiveCfg = Debug|x64
		{78BF970C-3D89-45EA-8F9B-6D5A46548234}.Debug|x64.Build.0 = Debug|x64
		{78BF970C-3D89-45EA-8F9B-6D5A46548234}.Debug|x86.ActiveCfg = Debug|x86
		{78BF970C-3D89-45EA-8F9B-6D5A46548234}.Debug|x86.Build.0 = Debug|x86
		{78BF970C-3D89-45EA-8F9B-6D5A46548234}.EN - Release|Any CPU.ActiveCfg = Release|Any CPU
		{78BF970C-3D89-45EA-8F9B-6D5A46548234}.EN - Release|Any CPU.Build.0 = Release|Any CPU
		{78BF970C-3D89-45EA-8F9B-6D5A46548234}.EN - Release|x64.ActiveCfg = Release|x64
		{78BF970C-3D89-45EA-8F9B-6D5A46548234}.EN - Release|x64.Build.0 = Release|x64
		{78BF970C-3D89-45EA-8F9B-6D5A46548234}.EN - Release|x86.ActiveCfg = Release|x86
		{78BF970C-3D89-45EA-8F9B-6D5A46548234}.EN - Release|x86.Build.0 = Release|x86
		{78BF970C-3D89-45EA-8F9B-6D5A46548234}.FR - Release|Any CPU.ActiveCfg = Release|Any CPU
		{78BF970C-3D89-45EA-8F9B-6D5A46548234}.FR - Release|Any CPU.Build.0 = Release|Any CPU
		{78BF970C-3D89-45EA-8F9B-6D5A46548234}.FR - Release|x64.ActiveCfg = Release|x64
		{78BF970C-3D89-45EA-8F9B-6D5A46548234}.FR - Release|x64.Build.0 = Release|x64
		{78BF970C-3D89-45EA-8F9B-6D5A46548234}.FR - Release|x86.ActiveCfg = Release|x86
		{78BF970C-3D89-45EA-8F9B-6D5A46548234}.FR - Release|x86.Build.0 = Release|x86
		{A1A394E7-726C-4F1D-9D76-73DB5788A81C}.AR - Release|Any CPU.ActiveCfg = Release|Any CPU
		{A1A394E7-726C-4F1D-9D76-73DB5788A81C}.AR - Release|Any CPU.Build.0 = Release|Any CPU
		{A1A394E7-726C-4F1D-9D76-73DB5788A81C}.AR - Release|x64.ActiveCfg = Release - AR|x64
		{A1A394E7-726C-4F1D-9D76-73DB5788A81C}.AR - Release|x64.Build.0 = Release - AR|x64
		{A1A394E7-726C-4F1D-9D76-73DB5788A81C}.AR - Release|x86.ActiveCfg = Release - AR|x86
		{A1A394E7-726C-4F1D-9D76-73DB5788A81C}.AR - Release|x86.Build.0 = Release - AR|x86
		{A1A394E7-726C-4F1D-9D76-73DB5788A81C}.Debug|Any CPU.ActiveCfg = Debug|Any CPU
		{A1A394E7-726C-4F1D-9D76-73DB5788A81C}.Debug|Any CPU.Build.0 = Debug|Any CPU
		{A1A394E7-726C-4F1D-9D76-73DB5788A81C}.Debug|x64.ActiveCfg = Debug|x64
		{A1A394E7-726C-4F1D-9D76-73DB5788A81C}.Debug|x64.Build.0 = Debug|x64
		{A1A394E7-726C-4F1D-9D76-73DB5788A81C}.Debug|x86.ActiveCfg = Debug|x86
		{A1A394E7-726C-4F1D-9D76-73DB5788A81C}.Debug|x86.Build.0 = Debug|x86
		{A1A394E7-726C-4F1D-9D76-73DB5788A81C}.EN - Release|Any CPU.ActiveCfg = Release|Any CPU
		{A1A394E7-726C-4F1D-9D76-73DB5788A81C}.EN - Release|Any CPU.Build.0 = Release|Any CPU
		{A1A394E7-726C-4F1D-9D76-73DB5788A81C}.EN - Release|x64.ActiveCfg = Release|x64
		{A1A394E7-726C-4F1D-9D76-73DB5788A81C}.EN - Release|x64.Build.0 = Release|x64
		{A1A394E7-726C-4F1D-9D76-73DB5788A81C}.EN - Release|x86.ActiveCfg = Release|x86
		{A1A394E7-726C-4F1D-9D76-73DB5788A81C}.EN - Release|x86.Build.0 = Release|x86
		{A1A394E7-726C-4F1D-9D76-73DB5788A81C}.FR - Release|Any CPU.ActiveCfg = Release|Any CPU
		{A1A394E7-726C-4F1D-9D76-73DB5788A81C}.FR - Release|Any CPU.Build.0 = Release|Any CPU
		{A1A394E7-726C-4F1D-9D76-73DB5788A81C}.FR - Release|x64.ActiveCfg = Release|x64
		{A1A394E7-726C-4F1D-9D76-73DB5788A81C}.FR - Release|x64.Build.0 = Release|x64
		{A1A394E7-726C-4F1D-9D76-73DB5788A81C}.FR - Release|x86.ActiveCfg = Release|x86
		{A1A394E7-726C-4F1D-9D76-73DB5788A81C}.FR - Release|x86.Build.0 = Release|x86
		{E53247A3-07DE-47DC-8858-A59631B64296}.AR - Release|Any CPU.ActiveCfg = Release|Any CPU
		{E53247A3-07DE-47DC-8858-A59631B64296}.AR - Release|Any CPU.Build.0 = Release|Any CPU
		{E53247A3-07DE-47DC-8858-A59631B64296}.AR - Release|x64.ActiveCfg = Release - AR|x64
		{E53247A3-07DE-47DC-8858-A59631B64296}.AR - Release|x64.Build.0 = Release - AR|x64
		{E53247A3-07DE-47DC-8858-A59631B64296}.AR - Release|x86.ActiveCfg = Release - AR|x86
		{E53247A3-07DE-47DC-8858-A59631B64296}.AR - Release|x86.Build.0 = Release - AR|x86
		{E53247A3-07DE-47DC-8858-A59631B64296}.Debug|Any CPU.ActiveCfg = Debug|Any CPU
		{E53247A3-07DE-47DC-8858-A59631B64296}.Debug|Any CPU.Build.0 = Debug|Any CPU
		{E53247A3-07DE-47DC-8858-A59631B64296}.Debug|x64.ActiveCfg = Debug|x64
		{E53247A3-07DE-47DC-8858-A59631B64296}.Debug|x64.Build.0 = Debug|x64
		{E53247A3-07DE-47DC-8858-A59631B64296}.Debug|x86.ActiveCfg = Debug|x86
		{E53247A3-07DE-47DC-8858-A59631B64296}.Debug|x86.Build.0 = Debug|x86
		{E53247A3-07DE-47DC-8858-A59631B64296}.EN - Release|Any CPU.ActiveCfg = Release|Any CPU
		{E53247A3-07DE-47DC-8858-A59631B64296}.EN - Release|Any CPU.Build.0 = Release|Any CPU
		{E53247A3-07DE-47DC-8858-A59631B64296}.EN - Release|x64.ActiveCfg = Release|x64
		{E53247A3-07DE-47DC-8858-A59631B64296}.EN - Release|x64.Build.0 = Release|x64
		{E53247A3-07DE-47DC-8858-A59631B64296}.EN - Release|x86.ActiveCfg = Release|Any CPU
		{E53247A3-07DE-47DC-8858-A59631B64296}.EN - Release|x86.Build.0 = Release|Any CPU
		{E53247A3-07DE-47DC-8858-A59631B64296}.FR - Release|Any CPU.ActiveCfg = Release|Any CPU
		{E53247A3-07DE-47DC-8858-A59631B64296}.FR - Release|Any CPU.Build.0 = Release|Any CPU
		{E53247A3-07DE-47DC-8858-A59631B64296}.FR - Release|x64.ActiveCfg = Release|x64
		{E53247A3-07DE-47DC-8858-A59631B64296}.FR - Release|x64.Build.0 = Release|x64
		{E53247A3-07DE-47DC-8858-A59631B64296}.FR - Release|x86.ActiveCfg = Release|Any CPU
		{E53247A3-07DE-47DC-8858-A59631B64296}.FR - Release|x86.Build.0 = Release|Any CPU
		{4BDA3EE1-D160-4287-9669-7FBB912C15B4}.AR - Release|Any CPU.ActiveCfg = Release|Any CPU
		{4BDA3EE1-D160-4287-9669-7FBB912C15B4}.AR - Release|Any CPU.Build.0 = Release|Any CPU
		{4BDA3EE1-D160-4287-9669-7FBB912C15B4}.AR - Release|x64.ActiveCfg = Release - AR|x64
		{4BDA3EE1-D160-4287-9669-7FBB912C15B4}.AR - Release|x64.Build.0 = Release - AR|x64
		{4BDA3EE1-D160-4287-9669-7FBB912C15B4}.AR - Release|x86.ActiveCfg = Release - AR|x86
		{4BDA3EE1-D160-4287-9669-7FBB912C15B4}.AR - Release|x86.Build.0 = Release - AR|x86
		{4BDA3EE1-D160-4287-9669-7FBB912C15B4}.Debug|Any CPU.ActiveCfg = Debug|Any CPU
		{4BDA3EE1-D160-4287-9669-7FBB912C15B4}.Debug|Any CPU.Build.0 = Debug|Any CPU
		{4BDA3EE1-D160-4287-9669-7FBB912C15B4}.Debug|x64.ActiveCfg = Debug|x64
		{4BDA3EE1-D160-4287-9669-7FBB912C15B4}.Debug|x64.Build.0 = Debug|x64
		{4BDA3EE1-D160-4287-9669-7FBB912C15B4}.Debug|x86.ActiveCfg = Debug|x86
		{4BDA3EE1-D160-4287-9669-7FBB912C15B4}.Debug|x86.Build.0 = Debug|x86
		{4BDA3EE1-D160-4287-9669-7FBB912C15B4}.EN - Release|Any CPU.ActiveCfg = Release|Any CPU
		{4BDA3EE1-D160-4287-9669-7FBB912C15B4}.EN - Release|Any CPU.Build.0 = Release|Any CPU
		{4BDA3EE1-D160-4287-9669-7FBB912C15B4}.EN - Release|x64.ActiveCfg = Release|x64
		{4BDA3EE1-D160-4287-9669-7FBB912C15B4}.EN - Release|x64.Build.0 = Release|x64
		{4BDA3EE1-D160-4287-9669-7FBB912C15B4}.EN - Release|x86.ActiveCfg = Release|Any CPU
		{4BDA3EE1-D160-4287-9669-7FBB912C15B4}.EN - Release|x86.Build.0 = Release|Any CPU
		{4BDA3EE1-D160-4287-9669-7FBB912C15B4}.FR - Release|Any CPU.ActiveCfg = Release|Any CPU
		{4BDA3EE1-D160-4287-9669-7FBB912C15B4}.FR - Release|Any CPU.Build.0 = Release|Any CPU
		{4BDA3EE1-D160-4287-9669-7FBB912C15B4}.FR - Release|x64.ActiveCfg = Release|x64
		{4BDA3EE1-D160-4287-9669-7FBB912C15B4}.FR - Release|x64.Build.0 = Release|x64
		{4BDA3EE1-D160-4287-9669-7FBB912C15B4}.FR - Release|x86.ActiveCfg = Release|Any CPU
		{4BDA3EE1-D160-4287-9669-7FBB912C15B4}.FR - Release|x86.Build.0 = Release|Any CPU
		{D6B8FFD9-BEA7-4089-B801-D8A3B644C477}.AR - Release|Any CPU.ActiveCfg = Release|Any CPU
		{D6B8FFD9-BEA7-4089-B801-D8A3B644C477}.AR - Release|Any CPU.Build.0 = Release|Any CPU
		{D6B8FFD9-BEA7-4089-B801-D8A3B644C477}.AR - Release|x64.ActiveCfg = Release - AR|x64
		{D6B8FFD9-BEA7-4089-B801-D8A3B644C477}.AR - Release|x64.Build.0 = Release - AR|x64
		{D6B8FFD9-BEA7-4089-B801-D8A3B644C477}.AR - Release|x86.ActiveCfg = Release - AR|x86
		{D6B8FFD9-BEA7-4089-B801-D8A3B644C477}.AR - Release|x86.Build.0 = Release - AR|x86
		{D6B8FFD9-BEA7-4089-B801-D8A3B644C477}.Debug|Any CPU.ActiveCfg = Debug|Any CPU
		{D6B8FFD9-BEA7-4089-B801-D8A3B644C477}.Debug|Any CPU.Build.0 = Debug|Any CPU
		{D6B8FFD9-BEA7-4089-B801-D8A3B644C477}.Debug|x64.ActiveCfg = Debug|x64
		{D6B8FFD9-BEA7-4089-B801-D8A3B644C477}.Debug|x64.Build.0 = Debug|x64
		{D6B8FFD9-BEA7-4089-B801-D8A3B644C477}.Debug|x86.ActiveCfg = Debug|x86
		{D6B8FFD9-BEA7-4089-B801-D8A3B644C477}.Debug|x86.Build.0 = Debug|x86
		{D6B8FFD9-BEA7-4089-B801-D8A3B644C477}.EN - Release|Any CPU.ActiveCfg = Release|Any CPU
		{D6B8FFD9-BEA7-4089-B801-D8A3B644C477}.EN - Release|Any CPU.Build.0 = Release|Any CPU
		{D6B8FFD9-BEA7-4089-B801-D8A3B644C477}.EN - Release|x64.ActiveCfg = Release|x64
		{D6B8FFD9-BEA7-4089-B801-D8A3B644C477}.EN - Release|x64.Build.0 = Release|x64
		{D6B8FFD9-BEA7-4089-B801-D8A3B644C477}.EN - Release|x86.ActiveCfg = Release|x86
		{D6B8FFD9-BEA7-4089-B801-D8A3B644C477}.EN - Release|x86.Build.0 = Release|x86
		{D6B8FFD9-BEA7-4089-B801-D8A3B644C477}.FR - Release|Any CPU.ActiveCfg = Release|Any CPU
		{D6B8FFD9-BEA7-4089-B801-D8A3B644C477}.FR - Release|Any CPU.Build.0 = Release|Any CPU
		{D6B8FFD9-BEA7-4089-B801-D8A3B644C477}.FR - Release|x64.ActiveCfg = Release|x64
		{D6B8FFD9-BEA7-4089-B801-D8A3B644C477}.FR - Release|x64.Build.0 = Release|x64
		{D6B8FFD9-BEA7-4089-B801-D8A3B644C477}.FR - Release|x86.ActiveCfg = Release|x86
		{D6B8FFD9-BEA7-4089-B801-D8A3B644C477}.FR - Release|x86.Build.0 = Release|x86
		{2401FD80-FC9A-4059-BA45-7B682F2822BC}.AR - Release|Any CPU.ActiveCfg = Release
		{2401FD80-FC9A-4059-BA45-7B682F2822BC}.AR - Release|x64.ActiveCfg = Release - AR
		{2401FD80-FC9A-4059-BA45-7B682F2822BC}.AR - Release|x64.Build.0 = Release - AR
		{2401FD80-FC9A-4059-BA45-7B682F2822BC}.AR - Release|x86.ActiveCfg = Release - AR
		{2401FD80-FC9A-4059-BA45-7B682F2822BC}.AR - Release|x86.Build.0 = Release - AR
		{2401FD80-FC9A-4059-BA45-7B682F2822BC}.Debug|Any CPU.ActiveCfg = Debug
		{2401FD80-FC9A-4059-BA45-7B682F2822BC}.Debug|x64.ActiveCfg = Debug
		{2401FD80-FC9A-4059-BA45-7B682F2822BC}.Debug|x86.ActiveCfg = Debug
		{2401FD80-FC9A-4059-BA45-7B682F2822BC}.EN - Release|Any CPU.ActiveCfg = Release
		{2401FD80-FC9A-4059-BA45-7B682F2822BC}.EN - Release|Any CPU.Build.0 = Release
		{2401FD80-FC9A-4059-BA45-7B682F2822BC}.EN - Release|x64.ActiveCfg = Release
		{2401FD80-FC9A-4059-BA45-7B682F2822BC}.EN - Release|x64.Build.0 = Release
		{2401FD80-FC9A-4059-BA45-7B682F2822BC}.EN - Release|x64.Deploy.0 = Release
		{2401FD80-FC9A-4059-BA45-7B682F2822BC}.EN - Release|x86.ActiveCfg = Release
		{2401FD80-FC9A-4059-BA45-7B682F2822BC}.EN - Release|x86.Build.0 = Release
		{2401FD80-FC9A-4059-BA45-7B682F2822BC}.FR - Release|Any CPU.ActiveCfg = Release
		{2401FD80-FC9A-4059-BA45-7B682F2822BC}.FR - Release|x64.ActiveCfg = Release
		{2401FD80-FC9A-4059-BA45-7B682F2822BC}.FR - Release|x64.Build.0 = Release
		{2401FD80-FC9A-4059-BA45-7B682F2822BC}.FR - Release|x64.Deploy.0 = Release
		{2401FD80-FC9A-4059-BA45-7B682F2822BC}.FR - Release|x86.ActiveCfg = Release
		{2401FD80-FC9A-4059-BA45-7B682F2822BC}.FR - Release|x86.Build.0 = Release
		{399D6D8B-C7A4-46AC-9BC7-1EA4BF54138F}.AR - Release|Any CPU.ActiveCfg = Release|Any CPU
		{399D6D8B-C7A4-46AC-9BC7-1EA4BF54138F}.AR - Release|Any CPU.Build.0 = Release|Any CPU
		{399D6D8B-C7A4-46AC-9BC7-1EA4BF54138F}.AR - Release|x64.ActiveCfg = Release - AR|Any CPU
		{399D6D8B-C7A4-46AC-9BC7-1EA4BF54138F}.AR - Release|x86.ActiveCfg = Release - AR|x86
		{399D6D8B-C7A4-46AC-9BC7-1EA4BF54138F}.AR - Release|x86.Build.0 = Release - AR|x86
		{399D6D8B-C7A4-46AC-9BC7-1EA4BF54138F}.Debug|Any CPU.ActiveCfg = Debug|Any CPU
		{399D6D8B-C7A4-46AC-9BC7-1EA4BF54138F}.Debug|x64.ActiveCfg = Debug|Any CPU
		{399D6D8B-C7A4-46AC-9BC7-1EA4BF54138F}.Debug|x86.ActiveCfg = Debug|x86
		{399D6D8B-C7A4-46AC-9BC7-1EA4BF54138F}.Debug|x86.Build.0 = Debug|x86
		{399D6D8B-C7A4-46AC-9BC7-1EA4BF54138F}.EN - Release|Any CPU.ActiveCfg = Release|Any CPU
		{399D6D8B-C7A4-46AC-9BC7-1EA4BF54138F}.EN - Release|Any CPU.Build.0 = Release|Any CPU
		{399D6D8B-C7A4-46AC-9BC7-1EA4BF54138F}.EN - Release|x64.ActiveCfg = Release|Any CPU
		{399D6D8B-C7A4-46AC-9BC7-1EA4BF54138F}.EN - Release|x64.Build.0 = Release|Any CPU
		{399D6D8B-C7A4-46AC-9BC7-1EA4BF54138F}.EN - Release|x86.ActiveCfg = Release|x86
		{399D6D8B-C7A4-46AC-9BC7-1EA4BF54138F}.EN - Release|x86.Build.0 = Release|x86
		{399D6D8B-C7A4-46AC-9BC7-1EA4BF54138F}.FR - Release|Any CPU.ActiveCfg = Release|Any CPU
		{399D6D8B-C7A4-46AC-9BC7-1EA4BF54138F}.FR - Release|Any CPU.Build.0 = Release|Any CPU
		{399D6D8B-C7A4-46AC-9BC7-1EA4BF54138F}.FR - Release|x64.ActiveCfg = Release|Any CPU
		{399D6D8B-C7A4-46AC-9BC7-1EA4BF54138F}.FR - Release|x64.Build.0 = Release|Any CPU
		{399D6D8B-C7A4-46AC-9BC7-1EA4BF54138F}.FR - Release|x86.ActiveCfg = Release|x86
		{399D6D8B-C7A4-46AC-9BC7-1EA4BF54138F}.FR - Release|x86.Build.0 = Release|x86
		{4134BB75-7797-41A7-BDBD-8BA8BD29D0CC}.AR - Release|Any CPU.ActiveCfg = Release|Any CPU
		{4134BB75-7797-41A7-BDBD-8BA8BD29D0CC}.AR - Release|Any CPU.Build.0 = Release|Any CPU
		{4134BB75-7797-41A7-BDBD-8BA8BD29D0CC}.AR - Release|x64.ActiveCfg = Release - AR|Any CPU
		{4134BB75-7797-41A7-BDBD-8BA8BD29D0CC}.AR - Release|x86.ActiveCfg = Release - AR|x86
		{4134BB75-7797-41A7-BDBD-8BA8BD29D0CC}.AR - Release|x86.Build.0 = Release - AR|x86
		{4134BB75-7797-41A7-BDBD-8BA8BD29D0CC}.Debug|Any CPU.ActiveCfg = Debug|Any CPU
		{4134BB75-7797-41A7-BDBD-8BA8BD29D0CC}.Debug|x64.ActiveCfg = Debug|Any CPU
		{4134BB75-7797-41A7-BDBD-8BA8BD29D0CC}.Debug|x86.ActiveCfg = Debug|x86
		{4134BB75-7797-41A7-BDBD-8BA8BD29D0CC}.Debug|x86.Build.0 = Debug|x86
		{4134BB75-7797-41A7-BDBD-8BA8BD29D0CC}.EN - Release|Any CPU.ActiveCfg = Release|Any CPU
		{4134BB75-7797-41A7-BDBD-8BA8BD29D0CC}.EN - Release|Any CPU.Build.0 = Release|Any CPU
		{4134BB75-7797-41A7-BDBD-8BA8BD29D0CC}.EN - Release|x64.ActiveCfg = Release|Any CPU
		{4134BB75-7797-41A7-BDBD-8BA8BD29D0CC}.EN - Release|x64.Build.0 = Release|Any CPU
		{4134BB75-7797-41A7-BDBD-8BA8BD29D0CC}.EN - Release|x86.ActiveCfg = Release|x86
		{4134BB75-7797-41A7-BDBD-8BA8BD29D0CC}.EN - Release|x86.Build.0 = Release|x86
		{4134BB75-7797-41A7-BDBD-8BA8BD29D0CC}.FR - Release|Any CPU.ActiveCfg = Release|Any CPU
		{4134BB75-7797-41A7-BDBD-8BA8BD29D0CC}.FR - Release|Any CPU.Build.0 = Release|Any CPU
		{4134BB75-7797-41A7-BDBD-8BA8BD29D0CC}.FR - Release|x64.ActiveCfg = Release|Any CPU
		{4134BB75-7797-41A7-BDBD-8BA8BD29D0CC}.FR - Release|x64.Build.0 = Release|Any CPU
		{4134BB75-7797-41A7-BDBD-8BA8BD29D0CC}.FR - Release|x86.ActiveCfg = Release|x86
		{4134BB75-7797-41A7-BDBD-8BA8BD29D0CC}.FR - Release|x86.Build.0 = Release|x86
		{E42BFFE8-2A9E-49E9-831A-DF92B0F555AF}.AR - Release|Any CPU.ActiveCfg = Release|Any CPU
		{E42BFFE8-2A9E-49E9-831A-DF92B0F555AF}.AR - Release|Any CPU.Build.0 = Release|Any CPU
		{E42BFFE8-2A9E-49E9-831A-DF92B0F555AF}.AR - Release|x64.ActiveCfg = Release - AR|Any CPU
		{E42BFFE8-2A9E-49E9-831A-DF92B0F555AF}.AR - Release|x86.ActiveCfg = Release - AR|Any CPU
		{E42BFFE8-2A9E-49E9-831A-DF92B0F555AF}.Debug|Any CPU.ActiveCfg = Debug|Any CPU
		{E42BFFE8-2A9E-49E9-831A-DF92B0F555AF}.Debug|x64.ActiveCfg = Debug|Any CPU
		{E42BFFE8-2A9E-49E9-831A-DF92B0F555AF}.Debug|x86.ActiveCfg = Debug|Any CPU
		{E42BFFE8-2A9E-49E9-831A-DF92B0F555AF}.EN - Release|Any CPU.ActiveCfg = Release|Any CPU
		{E42BFFE8-2A9E-49E9-831A-DF92B0F555AF}.EN - Release|Any CPU.Build.0 = Release|Any CPU
		{E42BFFE8-2A9E-49E9-831A-DF92B0F555AF}.EN - Release|x64.ActiveCfg = Release|Any CPU
		{E42BFFE8-2A9E-49E9-831A-DF92B0F555AF}.EN - Release|x64.Build.0 = Release|Any CPU
		{E42BFFE8-2A9E-49E9-831A-DF92B0F555AF}.EN - Release|x64.Deploy.0 = Release|Any CPU
		{E42BFFE8-2A9E-49E9-831A-DF92B0F555AF}.EN - Release|x86.ActiveCfg = Release|Any CPU
		{E42BFFE8-2A9E-49E9-831A-DF92B0F555AF}.EN - Release|x86.Build.0 = Release|Any CPU
		{E42BFFE8-2A9E-49E9-831A-DF92B0F555AF}.FR - Release|Any CPU.ActiveCfg = Release|Any CPU
		{E42BFFE8-2A9E-49E9-831A-DF92B0F555AF}.FR - Release|Any CPU.Build.0 = Release|Any CPU
		{E42BFFE8-2A9E-49E9-831A-DF92B0F555AF}.FR - Release|x64.ActiveCfg = Release|Any CPU
		{E42BFFE8-2A9E-49E9-831A-DF92B0F555AF}.FR - Release|x64.Build.0 = Release|Any CPU
		{E42BFFE8-2A9E-49E9-831A-DF92B0F555AF}.FR - Release|x64.Deploy.0 = Release|Any CPU
		{E42BFFE8-2A9E-49E9-831A-DF92B0F555AF}.FR - Release|x86.ActiveCfg = Release|Any CPU
		{E42BFFE8-2A9E-49E9-831A-DF92B0F555AF}.FR - Release|x86.Build.0 = Release|Any CPU
		{27EE5192-D5A7-41D5-803F-69F7A11D984C}.AR - Release|Any CPU.ActiveCfg = Release|Any CPU
		{27EE5192-D5A7-41D5-803F-69F7A11D984C}.AR - Release|Any CPU.Build.0 = Release|Any CPU
		{27EE5192-D5A7-41D5-803F-69F7A11D984C}.AR - Release|x64.ActiveCfg = Release - AR|Any CPU
		{27EE5192-D5A7-41D5-803F-69F7A11D984C}.AR - Release|x86.ActiveCfg = Release - AR|x86
		{27EE5192-D5A7-41D5-803F-69F7A11D984C}.AR - Release|x86.Build.0 = Release - AR|x86
		{27EE5192-D5A7-41D5-803F-69F7A11D984C}.Debug|Any CPU.ActiveCfg = Debug|Any CPU
		{27EE5192-D5A7-41D5-803F-69F7A11D984C}.Debug|x64.ActiveCfg = Debug|Any CPU
		{27EE5192-D5A7-41D5-803F-69F7A11D984C}.Debug|x86.ActiveCfg = Debug|x86
		{27EE5192-D5A7-41D5-803F-69F7A11D984C}.Debug|x86.Build.0 = Debug|x86
		{27EE5192-D5A7-41D5-803F-69F7A11D984C}.EN - Release|Any CPU.ActiveCfg = Release|Any CPU
		{27EE5192-D5A7-41D5-803F-69F7A11D984C}.EN - Release|Any CPU.Build.0 = Release|Any CPU
		{27EE5192-D5A7-41D5-803F-69F7A11D984C}.EN - Release|x64.ActiveCfg = Release|Any CPU
		{27EE5192-D5A7-41D5-803F-69F7A11D984C}.EN - Release|x64.Build.0 = Release|Any CPU
		{27EE5192-D5A7-41D5-803F-69F7A11D984C}.EN - Release|x86.ActiveCfg = Release|x86
		{27EE5192-D5A7-41D5-803F-69F7A11D984C}.EN - Release|x86.Build.0 = Release|x86
		{27EE5192-D5A7-41D5-803F-69F7A11D984C}.FR - Release|Any CPU.ActiveCfg = Release|Any CPU
		{27EE5192-D5A7-41D5-803F-69F7A11D984C}.FR - Release|Any CPU.Build.0 = Release|Any CPU
		{27EE5192-D5A7-41D5-803F-69F7A11D984C}.FR - Release|x64.ActiveCfg = Release|Any CPU
		{27EE5192-D5A7-41D5-803F-69F7A11D984C}.FR - Release|x64.Build.0 = Release|Any CPU
		{27EE5192-D5A7-41D5-803F-69F7A11D984C}.FR - Release|x86.ActiveCfg = Release|x86
		{27EE5192-D5A7-41D5-803F-69F7A11D984C}.FR - Release|x86.Build.0 = Release|x86
		{D2942058-2D87-43C0-8D03-D9FF0A5655C2}.AR - Release|Any CPU.ActiveCfg = Release|Any CPU
		{D2942058-2D87-43C0-8D03-D9FF0A5655C2}.AR - Release|Any CPU.Build.0 = Release|Any CPU
		{D2942058-2D87-43C0-8D03-D9FF0A5655C2}.AR - Release|x64.ActiveCfg = Release - AR|Any CPU
		{D2942058-2D87-43C0-8D03-D9FF0A5655C2}.AR - Release|x86.ActiveCfg = Release - AR|x86
		{D2942058-2D87-43C0-8D03-D9FF0A5655C2}.AR - Release|x86.Build.0 = Release - AR|x86
		{D2942058-2D87-43C0-8D03-D9FF0A5655C2}.Debug|Any CPU.ActiveCfg = Debug|Any CPU
		{D2942058-2D87-43C0-8D03-D9FF0A5655C2}.Debug|x64.ActiveCfg = Debug|Any CPU
		{D2942058-2D87-43C0-8D03-D9FF0A5655C2}.Debug|x86.ActiveCfg = Debug|x86
		{D2942058-2D87-43C0-8D03-D9FF0A5655C2}.Debug|x86.Build.0 = Debug|x86
		{D2942058-2D87-43C0-8D03-D9FF0A5655C2}.EN - Release|Any CPU.ActiveCfg = Release|Any CPU
		{D2942058-2D87-43C0-8D03-D9FF0A5655C2}.EN - Release|Any CPU.Build.0 = Release|Any CPU
		{D2942058-2D87-43C0-8D03-D9FF0A5655C2}.EN - Release|x64.ActiveCfg = Release|Any CPU
		{D2942058-2D87-43C0-8D03-D9FF0A5655C2}.EN - Release|x64.Build.0 = Release|Any CPU
		{D2942058-2D87-43C0-8D03-D9FF0A5655C2}.EN - Release|x64.Deploy.0 = Release|Any CPU
		{D2942058-2D87-43C0-8D03-D9FF0A5655C2}.EN - Release|x86.ActiveCfg = Release|x86
		{D2942058-2D87-43C0-8D03-D9FF0A5655C2}.EN - Release|x86.Build.0 = Release|x86
		{D2942058-2D87-43C0-8D03-D9FF0A5655C2}.FR - Release|Any CPU.ActiveCfg = Release|Any CPU
		{D2942058-2D87-43C0-8D03-D9FF0A5655C2}.FR - Release|Any CPU.Build.0 = Release|Any CPU
		{D2942058-2D87-43C0-8D03-D9FF0A5655C2}.FR - Release|x64.ActiveCfg = Release|Any CPU
		{D2942058-2D87-43C0-8D03-D9FF0A5655C2}.FR - Release|x64.Build.0 = Release|Any CPU
		{D2942058-2D87-43C0-8D03-D9FF0A5655C2}.FR - Release|x64.Deploy.0 = Release|Any CPU
		{D2942058-2D87-43C0-8D03-D9FF0A5655C2}.FR - Release|x86.ActiveCfg = Release|x86
		{D2942058-2D87-43C0-8D03-D9FF0A5655C2}.FR - Release|x86.Build.0 = Release|x86
		{5873DE0F-6853-4C8E-91A4-7A6861069A9A}.AR - Release|Any CPU.ActiveCfg = Release|Any CPU
		{5873DE0F-6853-4C8E-91A4-7A6861069A9A}.AR - Release|Any CPU.Build.0 = Release|Any CPU
		{5873DE0F-6853-4C8E-91A4-7A6861069A9A}.AR - Release|x64.ActiveCfg = Release - AR|x64
		{5873DE0F-6853-4C8E-91A4-7A6861069A9A}.AR - Release|x64.Build.0 = Release - AR|x64
		{5873DE0F-6853-4C8E-91A4-7A6861069A9A}.AR - Release|x86.ActiveCfg = Release - AR|x86
		{5873DE0F-6853-4C8E-91A4-7A6861069A9A}.AR - Release|x86.Build.0 = Release - AR|x86
		{5873DE0F-6853-4C8E-91A4-7A6861069A9A}.Debug|Any CPU.ActiveCfg = Debug|Any CPU
		{5873DE0F-6853-4C8E-91A4-7A6861069A9A}.Debug|Any CPU.Build.0 = Debug|Any CPU
		{5873DE0F-6853-4C8E-91A4-7A6861069A9A}.Debug|x64.ActiveCfg = Debug|x64
		{5873DE0F-6853-4C8E-91A4-7A6861069A9A}.Debug|x64.Build.0 = Debug|x64
		{5873DE0F-6853-4C8E-91A4-7A6861069A9A}.Debug|x86.ActiveCfg = Debug|x86
		{5873DE0F-6853-4C8E-91A4-7A6861069A9A}.Debug|x86.Build.0 = Debug|x86
		{5873DE0F-6853-4C8E-91A4-7A6861069A9A}.EN - Release|Any CPU.ActiveCfg = Release|Any CPU
		{5873DE0F-6853-4C8E-91A4-7A6861069A9A}.EN - Release|Any CPU.Build.0 = Release|Any CPU
		{5873DE0F-6853-4C8E-91A4-7A6861069A9A}.EN - Release|x64.ActiveCfg = Release|x64
		{5873DE0F-6853-4C8E-91A4-7A6861069A9A}.EN - Release|x64.Build.0 = Release|x64
		{5873DE0F-6853-4C8E-91A4-7A6861069A9A}.EN - Release|x86.ActiveCfg = Release|x86
		{5873DE0F-6853-4C8E-91A4-7A6861069A9A}.EN - Release|x86.Build.0 = Release|x86
		{5873DE0F-6853-4C8E-91A4-7A6861069A9A}.FR - Release|Any CPU.ActiveCfg = Release|Any CPU
		{5873DE0F-6853-4C8E-91A4-7A6861069A9A}.FR - Release|Any CPU.Build.0 = Release|Any CPU
		{5873DE0F-6853-4C8E-91A4-7A6861069A9A}.FR - Release|x64.ActiveCfg = Release|x64
		{5873DE0F-6853-4C8E-91A4-7A6861069A9A}.FR - Release|x64.Build.0 = Release|x64
		{5873DE0F-6853-4C8E-91A4-7A6861069A9A}.FR - Release|x86.ActiveCfg = Release|x86
		{5873DE0F-6853-4C8E-91A4-7A6861069A9A}.FR - Release|x86.Build.0 = Release|x86
		{9E45B34F-2278-4E7B-846B-BEF4D627E61E}.AR - Release|Any CPU.ActiveCfg = Release
		{9E45B34F-2278-4E7B-846B-BEF4D627E61E}.AR - Release|x64.ActiveCfg = Release - AR
		{9E45B34F-2278-4E7B-846B-BEF4D627E61E}.AR - Release|x64.Build.0 = Release - AR
		{9E45B34F-2278-4E7B-846B-BEF4D627E61E}.AR - Release|x86.ActiveCfg = Release - AR
		{9E45B34F-2278-4E7B-846B-BEF4D627E61E}.AR - Release|x86.Build.0 = Release - AR
		{9E45B34F-2278-4E7B-846B-BEF4D627E61E}.Debug|Any CPU.ActiveCfg = Debug
		{9E45B34F-2278-4E7B-846B-BEF4D627E61E}.Debug|x64.ActiveCfg = Debug
		{9E45B34F-2278-4E7B-846B-BEF4D627E61E}.Debug|x64.Build.0 = Debug
		{9E45B34F-2278-4E7B-846B-BEF4D627E61E}.Debug|x86.ActiveCfg = Debug
		{9E45B34F-2278-4E7B-846B-BEF4D627E61E}.Debug|x86.Build.0 = Debug
		{9E45B34F-2278-4E7B-846B-BEF4D627E61E}.EN - Release|Any CPU.ActiveCfg = Release
		{9E45B34F-2278-4E7B-846B-BEF4D627E61E}.EN - Release|Any CPU.Build.0 = Release
		{9E45B34F-2278-4E7B-846B-BEF4D627E61E}.EN - Release|x64.ActiveCfg = Release
		{9E45B34F-2278-4E7B-846B-BEF4D627E61E}.EN - Release|x64.Build.0 = Release
		{9E45B34F-2278-4E7B-846B-BEF4D627E61E}.EN - Release|x86.ActiveCfg = Release
		{9E45B34F-2278-4E7B-846B-BEF4D627E61E}.EN - Release|x86.Build.0 = Release
		{9E45B34F-2278-4E7B-846B-BEF4D627E61E}.FR - Release|Any CPU.ActiveCfg = Release
		{9E45B34F-2278-4E7B-846B-BEF4D627E61E}.FR - Release|x64.ActiveCfg = Release
		{9E45B34F-2278-4E7B-846B-BEF4D627E61E}.FR - Release|x64.Build.0 = Release
		{9E45B34F-2278-4E7B-846B-BEF4D627E61E}.FR - Release|x86.ActiveCfg = Release
		{9E45B34F-2278-4E7B-846B-BEF4D627E61E}.FR - Release|x86.Build.0 = Release
		{3E716B8A-5384-4549-B705-ABBE5736A62F}.AR - Release|Any CPU.ActiveCfg = Release|Any CPU
		{3E716B8A-5384-4549-B705-ABBE5736A62F}.AR - Release|Any CPU.Build.0 = Release|Any CPU
		{3E716B8A-5384-4549-B705-ABBE5736A62F}.AR - Release|x64.ActiveCfg = Release - AR|Any CPU
		{3E716B8A-5384-4549-B705-ABBE5736A62F}.AR - Release|x86.ActiveCfg = Release - AR|Any CPU
		{3E716B8A-5384-4549-B705-ABBE5736A62F}.Debug|Any CPU.ActiveCfg = Debug|Any CPU
		{3E716B8A-5384-4549-B705-ABBE5736A62F}.Debug|x64.ActiveCfg = Debug|Any CPU
		{3E716B8A-5384-4549-B705-ABBE5736A62F}.Debug|x86.ActiveCfg = Debug|Any CPU
		{3E716B8A-5384-4549-B705-ABBE5736A62F}.EN - Release|Any CPU.ActiveCfg = Release|Any CPU
		{3E716B8A-5384-4549-B705-ABBE5736A62F}.EN - Release|Any CPU.Build.0 = Release|Any CPU
		{3E716B8A-5384-4549-B705-ABBE5736A62F}.EN - Release|x64.ActiveCfg = Release|Any CPU
		{3E716B8A-5384-4549-B705-ABBE5736A62F}.EN - Release|x86.ActiveCfg = Release|Any CPU
		{3E716B8A-5384-4549-B705-ABBE5736A62F}.FR - Release|Any CPU.ActiveCfg = Release|Any CPU
		{3E716B8A-5384-4549-B705-ABBE5736A62F}.FR - Release|Any CPU.Build.0 = Release|Any CPU
		{3E716B8A-5384-4549-B705-ABBE5736A62F}.FR - Release|x64.ActiveCfg = Release|Any CPU
		{3E716B8A-5384-4549-B705-ABBE5736A62F}.FR - Release|x86.ActiveCfg = Release|Any CPU
		{92D36174-A863-4A96-AF90-3AA88223E720}.AR - Release|Any CPU.ActiveCfg = Release
		{92D36174-A863-4A96-AF90-3AA88223E720}.AR - Release|x64.ActiveCfg = Release
		{92D36174-A863-4A96-AF90-3AA88223E720}.AR - Release|x64.Build.0 = Release
		{92D36174-A863-4A96-AF90-3AA88223E720}.AR - Release|x86.ActiveCfg = Release
		{92D36174-A863-4A96-AF90-3AA88223E720}.AR - Release|x86.Build.0 = Release
		{92D36174-A863-4A96-AF90-3AA88223E720}.Debug|Any CPU.ActiveCfg = Debug
		{92D36174-A863-4A96-AF90-3AA88223E720}.Debug|x64.ActiveCfg = Debug
		{92D36174-A863-4A96-AF90-3AA88223E720}.Debug|x64.Build.0 = Debug
		{92D36174-A863-4A96-AF90-3AA88223E720}.Debug|x86.ActiveCfg = Debug
		{92D36174-A863-4A96-AF90-3AA88223E720}.Debug|x86.Build.0 = Debug
		{92D36174-A863-4A96-AF90-3AA88223E720}.EN - Release|Any CPU.ActiveCfg = Release
		{92D36174-A863-4A96-AF90-3AA88223E720}.EN - Release|x64.ActiveCfg = Release
		{92D36174-A863-4A96-AF90-3AA88223E720}.EN - Release|x64.Build.0 = Release
		{92D36174-A863-4A96-AF90-3AA88223E720}.EN - Release|x86.ActiveCfg = Release
		{92D36174-A863-4A96-AF90-3AA88223E720}.EN - Release|x86.Build.0 = Release
		{92D36174-A863-4A96-AF90-3AA88223E720}.FR - Release|Any CPU.ActiveCfg = Release
		{92D36174-A863-4A96-AF90-3AA88223E720}.FR - Release|Any CPU.Build.0 = Release
		{92D36174-A863-4A96-AF90-3AA88223E720}.FR - Release|x64.ActiveCfg = Release
		{92D36174-A863-4A96-AF90-3AA88223E720}.FR - Release|x64.Build.0 = Release
		{92D36174-A863-4A96-AF90-3AA88223E720}.FR - Release|x86.ActiveCfg = Release
		{92D36174-A863-4A96-AF90-3AA88223E720}.FR - Release|x86.Build.0 = Release
		{EB4238AE-9B21-4ADA-8435-19CE553211A0}.AR - Release|Any CPU.ActiveCfg = Release
		{EB4238AE-9B21-4ADA-8435-19CE553211A0}.AR - Release|x64.ActiveCfg = Release - AR
		{EB4238AE-9B21-4ADA-8435-19CE553211A0}.AR - Release|x64.Build.0 = Release - AR
		{EB4238AE-9B21-4ADA-8435-19CE553211A0}.AR - Release|x86.ActiveCfg = Release - AR
		{EB4238AE-9B21-4ADA-8435-19CE553211A0}.AR - Release|x86.Build.0 = Release - AR
		{EB4238AE-9B21-4ADA-8435-19CE553211A0}.Debug|Any CPU.ActiveCfg = Debug
		{EB4238AE-9B21-4ADA-8435-19CE553211A0}.Debug|x64.ActiveCfg = Debug
		{EB4238AE-9B21-4ADA-8435-19CE553211A0}.Debug|x64.Build.0 = Debug
		{EB4238AE-9B21-4ADA-8435-19CE553211A0}.Debug|x86.ActiveCfg = Debug
		{EB4238AE-9B21-4ADA-8435-19CE553211A0}.Debug|x86.Build.0 = Debug
		{EB4238AE-9B21-4ADA-8435-19CE553211A0}.EN - Release|Any CPU.ActiveCfg = Release
		{EB4238AE-9B21-4ADA-8435-19CE553211A0}.EN - Release|x64.ActiveCfg = Release
		{EB4238AE-9B21-4ADA-8435-19CE553211A0}.EN - Release|x64.Build.0 = Release
		{EB4238AE-9B21-4ADA-8435-19CE553211A0}.EN - Release|x86.ActiveCfg = Release
		{EB4238AE-9B21-4ADA-8435-19CE553211A0}.EN - Release|x86.Build.0 = Release
		{EB4238AE-9B21-4ADA-8435-19CE553211A0}.FR - Release|Any CPU.ActiveCfg = Release
		{EB4238AE-9B21-4ADA-8435-19CE553211A0}.FR - Release|Any CPU.Build.0 = Release
		{EB4238AE-9B21-4ADA-8435-19CE553211A0}.FR - Release|x64.ActiveCfg = Release
		{EB4238AE-9B21-4ADA-8435-19CE553211A0}.FR - Release|x64.Build.0 = Release
		{EB4238AE-9B21-4ADA-8435-19CE553211A0}.FR - Release|x86.ActiveCfg = Release
		{EB4238AE-9B21-4ADA-8435-19CE553211A0}.FR - Release|x86.Build.0 = Release
		{69014A56-B9D6-4149-9171-13FC2D4A3A5E}.AR - Release|Any CPU.ActiveCfg = Release
		{69014A56-B9D6-4149-9171-13FC2D4A3A5E}.AR - Release|Any CPU.Build.0 = Release
		{69014A56-B9D6-4149-9171-13FC2D4A3A5E}.AR - Release|x64.ActiveCfg = Release - AR
		{69014A56-B9D6-4149-9171-13FC2D4A3A5E}.AR - Release|x64.Build.0 = Release - AR
		{69014A56-B9D6-4149-9171-13FC2D4A3A5E}.AR - Release|x86.ActiveCfg = Release - AR
		{69014A56-B9D6-4149-9171-13FC2D4A3A5E}.AR - Release|x86.Build.0 = Release - AR
		{69014A56-B9D6-4149-9171-13FC2D4A3A5E}.Debug|Any CPU.ActiveCfg = Debug
		{69014A56-B9D6-4149-9171-13FC2D4A3A5E}.Debug|x64.ActiveCfg = Debug
		{69014A56-B9D6-4149-9171-13FC2D4A3A5E}.Debug|x64.Build.0 = Debug
		{69014A56-B9D6-4149-9171-13FC2D4A3A5E}.Debug|x86.ActiveCfg = Debug
		{69014A56-B9D6-4149-9171-13FC2D4A3A5E}.Debug|x86.Build.0 = Debug
		{69014A56-B9D6-4149-9171-13FC2D4A3A5E}.EN - Release|Any CPU.ActiveCfg = Release
		{69014A56-B9D6-4149-9171-13FC2D4A3A5E}.EN - Release|x64.ActiveCfg = Release
		{69014A56-B9D6-4149-9171-13FC2D4A3A5E}.EN - Release|x64.Build.0 = Release
		{69014A56-B9D6-4149-9171-13FC2D4A3A5E}.EN - Release|x86.ActiveCfg = Release
		{69014A56-B9D6-4149-9171-13FC2D4A3A5E}.EN - Release|x86.Build.0 = Release
		{69014A56-B9D6-4149-9171-13FC2D4A3A5E}.FR - Release|Any CPU.ActiveCfg = Release
		{69014A56-B9D6-4149-9171-13FC2D4A3A5E}.FR - Release|x64.ActiveCfg = Release
		{69014A56-B9D6-4149-9171-13FC2D4A3A5E}.FR - Release|x64.Build.0 = Release
		{69014A56-B9D6-4149-9171-13FC2D4A3A5E}.FR - Release|x86.ActiveCfg = Release
		{69014A56-B9D6-4149-9171-13FC2D4A3A5E}.FR - Release|x86.Build.0 = Release
		{5784CFFD-1072-40F8-9E7E-1395C3FFBEC5}.AR - Release|Any CPU.ActiveCfg = Release
		{5784CFFD-1072-40F8-9E7E-1395C3FFBEC5}.AR - Release|Any CPU.Build.0 = Release
		{5784CFFD-1072-40F8-9E7E-1395C3FFBEC5}.AR - Release|x64.ActiveCfg = Release - AR
		{5784CFFD-1072-40F8-9E7E-1395C3FFBEC5}.AR - Release|x64.Build.0 = Release - AR
		{5784CFFD-1072-40F8-9E7E-1395C3FFBEC5}.AR - Release|x86.ActiveCfg = Release - AR
		{5784CFFD-1072-40F8-9E7E-1395C3FFBEC5}.AR - Release|x86.Build.0 = Release - AR
		{5784CFFD-1072-40F8-9E7E-1395C3FFBEC5}.Debug|Any CPU.ActiveCfg = Debug
		{5784CFFD-1072-40F8-9E7E-1395C3FFBEC5}.Debug|x64.ActiveCfg = Debug
		{5784CFFD-1072-40F8-9E7E-1395C3FFBEC5}.Debug|x64.Build.0 = Debug
		{5784CFFD-1072-40F8-9E7E-1395C3FFBEC5}.Debug|x86.ActiveCfg = Debug
		{5784CFFD-1072-40F8-9E7E-1395C3FFBEC5}.Debug|x86.Build.0 = Debug
		{5784CFFD-1072-40F8-9E7E-1395C3FFBEC5}.EN - Release|Any CPU.ActiveCfg = Release
		{5784CFFD-1072-40F8-9E7E-1395C3FFBEC5}.EN - Release|x64.ActiveCfg = Release
		{5784CFFD-1072-40F8-9E7E-1395C3FFBEC5}.EN - Release|x64.Build.0 = Release
		{5784CFFD-1072-40F8-9E7E-1395C3FFBEC5}.EN - Release|x86.ActiveCfg = Release
		{5784CFFD-1072-40F8-9E7E-1395C3FFBEC5}.EN - Release|x86.Build.0 = Release
		{5784CFFD-1072-40F8-9E7E-1395C3FFBEC5}.FR - Release|Any CPU.ActiveCfg = Release
		{5784CFFD-1072-40F8-9E7E-1395C3FFBEC5}.FR - Release|x64.ActiveCfg = Release
		{5784CFFD-1072-40F8-9E7E-1395C3FFBEC5}.FR - Release|x64.Build.0 = Release
		{5784CFFD-1072-40F8-9E7E-1395C3FFBEC5}.FR - Release|x86.ActiveCfg = Release
		{5784CFFD-1072-40F8-9E7E-1395C3FFBEC5}.FR - Release|x86.Build.0 = Release
	EndGlobalSection
	GlobalSection(SolutionProperties) = preSolution
		HideSolutionNode = FALSE
	EndGlobalSection
EndGlobal
